
Microsoft Visual Studio Solution File, Format Version 12.00
# Visual Studio Version 17
VisualStudioVersion = 17.6.33723.286
MinimumVisualStudioVersion = 10.0.40219.1
Project("{FAE04EC0-301F-11D3-BF4B-00C04F79EFBC}") = "BG3_Tran", "BG3_Tran\BG3_Tran.csproj", "{77B07A49-BAAA-4D3A-B139-32F70B2BFD18}"
EndProject
Global
	GlobalSection(SolutionConfigurationPlatforms) = preSolution
		Debug|Any CPU = Debug|Any CPU
		Release|Any CPU = Release|Any CPU
	EndGlobalSection
	GlobalSection(ProjectConfigurationPlatforms) = postSolution
		{77B07A49-BAAA-4D3A-B139-32F70B2BFD18}.Debug|Any CPU.ActiveCfg = Debug|Any CPU
		{77B07A49-BAAA-4D3A-B139-32F70B2BFD18}.Debug|Any CPU.Build.0 = Debug|Any CPU
		{77B07A49-BAAA-4D3A-B139-32F70B2BFD18}.Release|Any CPU.ActiveCfg = Release|Any CPU
		{77B07A49-BAAA-4D3A-B139-32F70B2BFD18}.Release|Any CPU.Build.0 = Release|Any CPU
	EndGlobalSection
	GlobalSection(SolutionProperties) = preSolution
		HideSolutionNode = FALSE
	EndGlobalSection
	GlobalSection(ExtensibilityGlobals) = postSolution
		SolutionGuid = {CAEF83E1-3685-4903-97E6-761868F01757}
	EndGlobalSection
EndGlobal
